lockfileVersion: '6.0'

settings:
  autoInstallPeers: true
  excludeLinksFromLockfile: false

dependencies:
  '@angular/animations':
    specifier: ^14.1.0
    version: 14.1.0(@angular/core@14.1.0)
  '@angular/common':
    specifier: ^14.1.0
    version: 14.1.0(@angular/core@14.1.0)(rxjs@7.5.0)
  '@angular/core':
    specifier: ^14.1.0
    version: 14.1.0(rxjs@7.5.0)(zone.js@0.11.8)
  '@angular/forms':
    specifier: ^14.1.0
    version: 14.1.0(@angular/common@14.1.0)(@angular/core@14.1.0)(@angular/platform-browser@14.1.0)(rxjs@7.5.0)
  '@angular/material':
    specifier: ^14.1.0
    version: 14.1.0(@angular/animations@14.1.0)(@angular/cdk@14.1.0)(@angular/common@14.1.0)(@angular/core@14.1.0)(@angular/forms@14.1.0)(@angular/platform-browser@14.1.0)(rxjs@7.5.0)
  '@angular/platform-browser':
    specifier: ^14.1.0
    version: 14.1.0(@angular/animations@14.1.0)(@angular/common@14.1.0)(@angular/core@14.1.0)
  crypto-js:
    specifier: ^4.1.1
    version: 4.1.1
  jose:
    specifier: ^4.10.3
    version: 4.10.3
  rxjs:
    specifier: ~7.5.0
    version: 7.5.0
  tslib:
    specifier: ^2.3.0
    version: 2.3.0

devDependencies:
  '@types/crypto-js':
    specifier: ^4.1.1
    version: 4.1.1

packages:

  /@angular/animations@14.1.0(@angular/core@14.1.0):
    resolution: {integrity: sha512-OhEXi1u/M4QyltDCxSqo7YzF7ELgNDWNqbbM7vtWIcrc4c+Yiu1GXhW/GQRosF3WAuQVfdQzEI0VTeNoo98Kvw==}
    engines: {node: ^14.15.0 || >=16.10.0}
    peerDependencies:
      '@angular/core': 14.1.0
    dependencies:
      '@angular/core': 14.1.0(rxjs@7.5.0)(zone.js@0.11.8)
      tslib: 2.3.0
    dev: false

  /@angular/cdk@14.1.0(@angular/common@14.1.0)(@angular/core@14.1.0)(rxjs@7.5.0):
    resolution: {integrity: sha512-EOQZmlTgj5Tc6/s50kEQUYKWH0S748rzbymBYkvyJs864lP9A8khz83IINmm+PD2sMADKtBETD3aEa5yQRhVAA==}
    peerDependencies:
      '@angular/common': ^14.0.0 || ^15.0.0
      '@angular/core': ^14.0.0 || ^15.0.0
      rxjs: ^6.5.3 || ^7.4.0
    dependencies:
      '@angular/common': 14.1.0(@angular/core@14.1.0)(rxjs@7.5.0)
      '@angular/core': 14.1.0(rxjs@7.5.0)(zone.js@0.11.8)
      rxjs: 7.5.0
      tslib: 2.6.2
    optionalDependencies:
      parse5: 5.1.1
    dev: false

  /@angular/common@14.1.0(@angular/core@14.1.0)(rxjs@7.5.0):
    resolution: {integrity: sha512-leethDtLbA3qySaOEBUto602DF0qH1maK9u2zHncrUFOpnHAYUEd7N9MFMdIYASurTnwOSglEoIDCML94qzImQ==}
    engines: {node: ^14.15.0 || >=16.10.0}
    peerDependencies:
      '@angular/core': 14.1.0
      rxjs: ^6.5.3 || ^7.4.0
    dependencies:
      '@angular/core': 14.1.0(rxjs@7.5.0)(zone.js@0.11.8)
      rxjs: 7.5.0
      tslib: 2.3.0
    dev: false

  /@angular/core@14.1.0(rxjs@7.5.0)(zone.js@0.11.8):
    resolution: {integrity: sha512-3quEsHmQifJOQ2oij5K+cjGjmhsKsyZI1+OTHWNZ6IXeuYviZv4U/Cui9fUJ1RN3CZxH3NzWB3gB/5qYFQfOgg==}
    engines: {node: ^14.15.0 || >=16.10.0}
    peerDependencies:
      rxjs: ^6.5.3 || ^7.4.0
      zone.js: ~0.11.4
    dependencies:
      rxjs: 7.5.0
      tslib: 2.3.0
      zone.js: 0.11.8
    dev: false

  /@angular/forms@14.1.0(@angular/common@14.1.0)(@angular/core@14.1.0)(@angular/platform-browser@14.1.0)(rxjs@7.5.0):
    resolution: {integrity: sha512-y7VQ2t+/ASEjzt8zXg4y5b03lMSPHmnhy4XzjDT14ZFrALaSxyhkSqoBfAksPkTeKmsFMnP/VgLboRsE8TLs0Q==}
    engines: {node: ^14.15.0 || >=16.10.0}
    peerDependencies:
      '@angular/common': 14.1.0
      '@angular/core': 14.1.0
      '@angular/platform-browser': 14.1.0
      rxjs: ^6.5.3 || ^7.4.0
    dependencies:
      '@angular/common': 14.1.0(@angular/core@14.1.0)(rxjs@7.5.0)
      '@angular/core': 14.1.0(rxjs@7.5.0)(zone.js@0.11.8)
      '@angular/platform-browser': 14.1.0(@angular/animations@14.1.0)(@angular/common@14.1.0)(@angular/core@14.1.0)
      rxjs: 7.5.0
      tslib: 2.6.2
    dev: false

  /@angular/material@14.1.0(@angular/animations@14.1.0)(@angular/cdk@14.1.0)(@angular/common@14.1.0)(@angular/core@14.1.0)(@angular/forms@14.1.0)(@angular/platform-browser@14.1.0)(rxjs@7.5.0):
    resolution: {integrity: sha512-0UXfMqP5+Nzd6gbLplQpUX3E0rRRwhVEnAo8Z1hllGdJIY0meunMnTZCWsvYQ7SU/W+VbqnmtBmg5EOfYsjpiQ==}
    peerDependencies:
      '@angular/animations': ^14.0.0 || ^15.0.0
      '@angular/cdk': 14.1.0
      '@angular/common': ^14.0.0 || ^15.0.0
      '@angular/core': ^14.0.0 || ^15.0.0
      '@angular/forms': ^14.0.0 || ^15.0.0
      '@angular/platform-browser': ^14.0.0 || ^15.0.0
      rxjs: ^6.5.3 || ^7.4.0
    dependencies:
      '@angular/animations': 14.1.0(@angular/core@14.1.0)
      '@angular/cdk': 14.1.0(@angular/common@14.1.0)(@angular/core@14.1.0)(rxjs@7.5.0)
      '@angular/common': 14.1.0(@angular/core@14.1.0)(rxjs@7.5.0)
      '@angular/core': 14.1.0(rxjs@7.5.0)(zone.js@0.11.8)
      '@angular/forms': 14.1.0(@angular/common@14.1.0)(@angular/core@14.1.0)(@angular/platform-browser@14.1.0)(rxjs@7.5.0)
      '@angular/platform-browser': 14.1.0(@angular/animations@14.1.0)(@angular/common@14.1.0)(@angular/core@14.1.0)
      rxjs: 7.5.0
      tslib: 2.3.0
    dev: false

  /@angular/platform-browser@14.1.0(@angular/animations@14.1.0)(@angular/common@14.1.0)(@angular/core@14.1.0):
    resolution: {integrity: sha512-axNXUSqxsP0QSdNskd1pFo2uMo1UNoFaSAB02eDWwLkWQ1pWel+T78HiQY2bNeI3elgzjwPTT4vCCDQKNVTNig==}
    engines: {node: ^14.15.0 || >=16.10.0}
    peerDependencies:
      '@angular/animations': 14.1.0
      '@angular/common': 14.1.0
      '@angular/core': 14.1.0
    peerDependenciesMeta:
      '@angular/animations':
        optional: true
    dependencies:
      '@angular/animations': 14.1.0(@angular/core@14.1.0)
      '@angular/common': 14.1.0(@angular/core@14.1.0)(rxjs@7.5.0)
      '@angular/core': 14.1.0(rxjs@7.5.0)(zone.js@0.11.8)
      tslib: 2.6.2
    dev: false

  /@types/crypto-js@4.1.1:
    resolution: {integrity: sha512-BG7fQKZ689HIoc5h+6D2Dgq1fABRa0RbBWKBd9SP/MVRVXROflpm5fhwyATX5duFmbStzyzyycPB8qUYKDH3NA==}
    dev: true

  /crypto-js@4.1.1:
    resolution: {integrity: sha512-o2JlM7ydqd3Qk9CA0L4NL6mTzU2sdx96a+oOfPu8Mkl/PK51vSyoi8/rQ8NknZtk44vq15lmhAj9CIAGwgeWKw==}
    dev: false

  /jose@4.10.3:
    resolution: {integrity: sha512-3S4wQnaoJKSAx9uHSoyf8B/lxjs1qCntHWL6wNFszJazo+FtWe+qD0zVfY0BlqJ5HHK4jcnM98k3BQzVLbzE4g==}
    dev: false

  /parse5@5.1.1:
    resolution: {integrity: sha512-ugq4DFI0Ptb+WWjAdOK16+u/nHfiIrcE+sh8kZMaM0WllQKLI9rOUq6c2b7cwPkXdzfQESqvoqK6ug7U/Yyzug==}
    requiresBuild: true
    dev: false
    optional: true

  /rxjs@7.5.0:
    resolution: {integrity: sha512-fuCKAfFawVYX0pyFlETtYnXI+5iiY9Dftgk+VdgeOq+Qyi9ZDWckHZRDaXRt5WCNbbLkmAheoSGDiceyCIKNZA==}
    dependencies:
      tslib: 2.3.0
    dev: false

  /tslib@2.3.0:
    resolution: {integrity: sha512-N82ooyxVNm6h1riLCoyS9e3fuJ3AMG2zIZs2Gd1ATcSFjSA23Q0fzjjZeh0jbJvWVDZ0cJT8yaNNaaXHzueNjg==}
    dev: false

  /tslib@2.6.2:
    resolution: {integrity: sha512-AEYxH93jGFPn/a2iVAwW87VuUIkR1FVUKB77NwMF7nBTDkDrrT/Hpt/IrCJ0QXhW27jTBDcf5ZY7w6RiqTMw2Q==}
    dev: false

  /zone.js@0.11.8:
    resolution: {integrity: sha512-82bctBg2hKcEJ21humWIkXRlLBBmrc3nN7DFh5LGGhcyycO2S7FN8NmdvlcKaGFDNVL4/9kFLmwmInTavdJERA==}
    dependencies:
      tslib: 2.6.2
    dev: false
