lockfileVersion: '6.0'

settings:
  autoInstallPeers: true
  excludeLinksFromLockfile: false

dependencies:
  '@angular/common':
    specifier: '>=14.1.0'
    version: 14.3.0(@angular/core@14.3.0)(rxjs@7.8.1)
  '@angular/core':
    specifier: '>=14.1.0'
    version: 14.3.0(rxjs@7.8.1)(zone.js@0.12.0)
  '@angular/platform-browser':
    specifier: '>=14.1.0'
    version: 14.3.0(@angular/common@14.3.0)(@angular/core@14.3.0)
  crypto-js:
    specifier: '>=4.1.1'
    version: 4.2.0
  jose:
    specifier: '>=4.10.3'
    version: 4.15.4
  rxjs:
    specifier: '>=7.8.0'
    version: 7.8.1
  tslib:
    specifier: ^2.3.0
    version: 2.6.2

devDependencies:
  '@types/crypto-js':
    specifier: ^4.1.1
    version: 4.2.1

packages:

  /@angular/common@14.3.0(@angular/core@14.3.0)(rxjs@7.8.1):
    resolution: {integrity: sha512-pV9oyG3JhGWeQ+TFB0Qub6a1VZWMNZ6/7zEopvYivdqa5yDLLDSBRWb6P80RuONXyGnM1pa7l5nYopX+r/23GQ==}
    engines: {node: ^14.15.0 || >=16.10.0}
    peerDependencies:
      '@angular/core': 14.3.0
      rxjs: ^6.5.3 || ^7.4.0
    dependencies:
      '@angular/core': 14.3.0(rxjs@7.8.1)(zone.js@0.12.0)
      rxjs: 7.8.1
      tslib: 2.6.2
    dev: false

  /@angular/core@14.3.0(rxjs@7.8.1)(zone.js@0.12.0):
    resolution: {integrity: sha512-wYiwItc0Uyn4FWZ/OAx/Ubp2/WrD3EgUJ476y1XI7yATGPF8n9Ld5iCXT08HOvc4eBcYlDfh90kTXR6/MfhzdQ==}
    engines: {node: ^14.15.0 || >=16.10.0}
    peerDependencies:
      rxjs: ^6.5.3 || ^7.4.0
      zone.js: ~0.11.4 || ~0.12.0
    dependencies:
      rxjs: 7.8.1
      tslib: 2.6.2
      zone.js: 0.12.0
    dev: false

  /@angular/platform-browser@14.3.0(@angular/common@14.3.0)(@angular/core@14.3.0):
    resolution: {integrity: sha512-w9Y3740UmTz44T0Egvc+4QV9sEbO61L+aRHbpkLTJdlEGzHByZvxJmJyBYmdqeyTPwc/Zpy7c02frlpfAlyB7A==}
    engines: {node: ^14.15.0 || >=16.10.0}
    peerDependencies:
      '@angular/animations': 14.3.0
      '@angular/common': 14.3.0
      '@angular/core': 14.3.0
    peerDependenciesMeta:
      '@angular/animations':
        optional: true
    dependencies:
      '@angular/common': 14.3.0(@angular/core@14.3.0)(rxjs@7.8.1)
      '@angular/core': 14.3.0(rxjs@7.8.1)(zone.js@0.12.0)
      tslib: 2.6.2
    dev: false

  /@types/crypto-js@4.2.1:
    resolution: {integrity: sha512-FSPGd9+OcSok3RsM0UZ/9fcvMOXJ1ENE/ZbLfOPlBWj7BgXtEAM8VYfTtT760GiLbQIMoVozwVuisjvsVwqYWw==}
    dev: true

  /crypto-js@4.2.0:
    resolution: {integrity: sha512-KALDyEYgpY+Rlob/iriUtjV6d5Eq+Y191A5g4UqLAi8CyGP9N1+FdVbkc1SxKc2r4YAYqG8JzO2KGL+AizD70Q==}
    dev: false

  /jose@4.15.4:
    resolution: {integrity: sha512-W+oqK4H+r5sITxfxpSU+MMdr/YSWGvgZMQDIsNoBDGGy4i7GBPTtvFKibQzW06n3U3TqHjhvBJsirShsEJ6eeQ==}
    dev: false

  /rxjs@7.8.1:
    resolution: {integrity: sha512-AA3TVj+0A2iuIoQkWEK/tqFjBq2j+6PO6Y0zJcvzLAFhEFIO3HL0vls9hWLncZbAAbK0mar7oZ4V079I/qPMxg==}
    dependencies:
      tslib: 2.6.2
    dev: false

  /tslib@2.6.2:
    resolution: {integrity: sha512-AEYxH93jGFPn/a2iVAwW87VuUIkR1FVUKB77NwMF7nBTDkDrrT/Hpt/IrCJ0QXhW27jTBDcf5ZY7w6RiqTMw2Q==}
    dev: false

  /zone.js@0.12.0:
    resolution: {integrity: sha512-XtC+I5dXU14HrzidAKBNMqneIVUykLEAA1x+v4KVrd6AUPWlwYORF8KgsVqvgdHiKZ4BkxxjvYi/ksEixTPR0Q==}
    dependencies:
      tslib: 2.6.2
    dev: false
